# This file is automatically @generated by Cargo.
# It is not intended for manual editing.
version = 4

[[package]]
name = "use-case"
version = "0.1.0"

[[package]]
name = "use-markdown"
version = "0.1.0"

[[package]]
name = "use-slug"
version = "0.1.0"

[[package]]
name = "use-text"
version = "0.2.0"
dependencies = [
 "use-case",
 "use-markdown",
 "use-slug",
 "use-text-line",
 "use-token",
 "use-word",
]

[[package]]
name = "use-text-line"
version = "0.1.0"

[[package]]
name = "use-token"
version = "0.1.0"

[[package]]
name = "use-word"
version = "0.1.0"
